// !$*UTF8*$!
{
	archiveVersion = 1;
	classes = {
	};
	objectVersion = 46;
	objects = {

/* Begin PBXBuildFile section */
		555828741B4AD83100458E1A /* main.m in Sources */ = {isa = PBXBuildFile; fileRef = 555828731B4AD83100458E1A /* main.m */; };
		555828771B4AD83100458E1A /* AppDelegate.m in Sources */ = {isa = PBXBuildFile; fileRef = 555828761B4AD83100458E1A /* AppDelegate.m */; };
		5558287A1B4AD83100458E1A /* ViewController.m in Sources */ = {isa = PBXBuildFile; fileRef = 555828791B4AD83100458E1A /* ViewController.m */; };
		5558287D1B4AD83100458E1A /* Main.storyboard in Resources */ = {isa = PBXBuildFile; fileRef = 5558287B1B4AD83100458E1A /* Main.storyboard */; };
		5558287F1B4AD83100458E1A /* Images.xcassets in Resources */ = {isa = PBXBuildFile; fileRef = 5558287E1B4AD83100458E1A /* Images.xcassets */; };
		555828821B4AD83100458E1A /* LaunchScreen.xib in Resources */ = {isa = PBXBuildFile; fileRef = 555828801B4AD83100458E1A /* LaunchScreen.xib */; };
		5558288E1B4AD83100458E1A /* ScrollViewAutolayoutDemoTests.m in Sources */ = {isa = PBXBuildFile; fileRef = 5558288D1B4AD83100458E1A /* ScrollViewAutolayoutDemoTests.m */; };
/* End PBXBuildFile section */

/* Begin PBXContainerItemProxy section */
		555828881B4AD83100458E1A /* PBXContainerItemProxy */ = {
			isa = PBXContainerItemProxy;
			containerPortal = 555828661B4AD83100458E1A /* Project object */;
			proxyType = 1;
			remoteGlobalIDString = 5558286D1B4AD83100458E1A;
			remoteInfo = ScrollViewAutolayoutDemo;
		};
/* End PBXContainerItemProxy section */

/* Begin PBXFileReference section */
		5558286E1B4AD83100458E1A /* ScrollViewAutolayoutDemo.app */ = {isa = PBXFileReference; explicitFileType = wrapper.application; includeInIndex = 0; path = ScrollViewAutolayoutDemo.app; sourceTree = BUILT_PRODUCTS_DIR; };
		555828721B4AD83100458E1A /* Info.plist */ = {isa = PBXFileReference; lastKnownFileType = text.plist.xml; path = Info.plist; sourceTree = "<group>"; };
		555828731B4AD83100458E1A /* main.m */ = {isa = PBXFileReference; lastKnownFileType = sourcecode.c.objc; path = main.m; sourceTree = "<group>"; };
		555828751B4AD83100458E1A /* AppDelegate.h */ = {isa = PBXFileReference; lastKnownFileType = sourcecode.c.h; path = AppDelegate.h; sourceTree = "<group>"; };
		555828761B4AD83100458E1A /* AppDelegate.m */ = {isa = PBXFileReference; lastKnownFileType = sourcecode.c.objc; path = AppDelegate.m; sourceTree = "<group>"; };
		555828781B4AD83100458E1A /* ViewController.h */ = {isa = PBXFileReference; lastKnownFileType = sourcecode.c.h; path = ViewController.h; sourceTree = "<group>"; };
		555828791B4AD83100458E1A /* ViewController.m */ = {isa = PBXFileReference; lastKnownFileType = sourcecode.c.objc; path = ViewController.m; sourceTree = "<group>"; };
		5558287C1B4AD83100458E1A /* Base */ = {isa = PBXFileReference; lastKnownFileType = file.storyboard; name = Base; path = Base.lproj/Main.storyboard; sourceTree = "<group>"; };
		5558287E1B4AD83100458E1A /* Images.xcassets */ = {isa = PBXFileReference; lastKnownFileType = folder.assetcatalog; path = Images.xcassets; sourceTree = "<group>"; };
		555828811B4AD83100458E1A /* Base */ = {isa = PBXFileReference; lastKnownFileType = file.xib; name = Base; path = Base.lproj/LaunchScreen.xib; sourceTree = "<group>"; };
		555828871B4AD83100458E1A /* ScrollViewAutolayoutDemoTests.xctest */ = {isa = PBXFileReference; explicitFileType = wrapper.cfbundle; includeInIndex = 0; path = ScrollViewAutolayoutDemoTests.xctest; sourceTree = BUILT_PRODUCTS_DIR; };
		5558288C1B4AD83100458E1A /* Info.plist */ = {isa = PBXFileReference; lastKnownFileType = text.plist.xml; path = Info.plist; sourceTree = "<group>"; };
		5558288D1B4AD83100458E1A /* ScrollViewAutolayoutDemoTests.m */ = {isa = PBXFileReference; lastKnownFileType = sourcecode.c.objc; path = ScrollViewAutolayoutDemoTests.m; sourceTree = "<group>"; };
/* End PBXFileReference section */

/* Begin PBXFrameworksBuildPhase section */
		5558286B1B4AD83100458E1A /* Frameworks */ = {
			isa = PBXFrameworksBuildPhase;
			buildActionMask = 2147483647;
			files = (
			);
			runOnlyForDeploymentPostprocessing = 0;
		};
		555828841B4AD83100458E1A /* Frameworks */ = {
			isa = PBXFrameworksBuildPhase;
			buildActionMask = 2147483647;
			files = (
			);
			runOnlyForDeploymentPostprocessing = 0;
		};
/* End PBXFrameworksBuildPhase section */

/* Begin PBXGroup section */
		555828651B4AD83100458E1A = {
			isa = PBXGroup;
			children = (
				555828701B4AD83100458E1A /* ScrollViewAutolayoutDemo */,
				5558288A1B4AD83100458E1A /* ScrollViewAutolayoutDemoTests */,
				5558286F1B4AD83100458E1A /* Products */,
			);
			sourceTree = "<group>";
		};
		5558286F1B4AD83100458E1A /* Products */ = {
			isa = PBXGroup;
			children = (
				5558286E1B4AD83100458E1A /* ScrollViewAutolayoutDemo.app */,
				555828871B4AD83100458E1A /* ScrollViewAutolayoutDemoTests.xctest */,
			);
			name = Products;
			sourceTree = "<group>";
		};
		555828701B4AD83100458E1A /* ScrollViewAutolayoutDemo */ = {
			isa = PBXGroup;
			children = (
				555828751B4AD83100458E1A /* AppDelegate.h */,
				555828761B4AD83100458E1A /* AppDelegate.m */,
				555828781B4AD83100458E1A /* ViewController.h */,
				555828791B4AD83100458E1A /* ViewController.m */,
				5558287B1B4AD83100458E1A /* Main.storyboard */,
				5558287E1B4AD83100458E1A /* Images.xcassets */,
				555828801B4AD83100458E1A /* LaunchScreen.xib */,
				555828711B4AD83100458E1A /* Supporting Files */,
			);
			path = ScrollViewAutolayoutDemo;
			sourceTree = "<group>";
		};
		555828711B4AD83100458E1A /* Supporting Files */ = {
			isa = PBXGroup;
			children = (
				555828721B4AD83100458E1A /* Info.plist */,
				555828731B4AD83100458E1A /* main.m */,
			);
			name = "Supporting Files";
			sourceTree = "<group>";
		};
		5558288A1B4AD83100458E1A /* ScrollViewAutolayoutDemoTests */ = {
			isa = PBXGroup;
			children = (
				5558288D1B4AD83100458E1A /* ScrollViewAutolayoutDemoTests.m */,
				5558288B1B4AD83100458E1A /* Supporting Files */,
			);
			path = ScrollViewAutolayoutDemoTests;
			sourceTree = "<group>";
		};
		5558288B1B4AD83100458E1A /* Supporting Files */ = {
			isa = PBXGroup;
			children = (
				5558288C1B4AD83100458E1A /* Info.plist */,
			);
			name = "Supporting Files";
			sourceTree = "<group>";
		};
/* End PBXGroup section */

/* Begin PBXNativeTarget section */
		5558286D1B4AD83100458E1A /* ScrollViewAutolayoutDemo */ = {
			isa = PBXNativeTarget;
			buildConfigurationList = 555828911B4AD83100458E1A /* Build configuration list for PBXNativeTarget "ScrollViewAutolayoutDemo" */;
			buildPhases = (
				5558286A1B4AD83100458E1A /* Sources */,
				5558286B1B4AD83100458E1A /* Frameworks */,
				5558286C1B4AD83100458E1A /* Resources */,
			);
			buildRules = (
			);
			dependencies = (
			);
			name = ScrollViewAutolayoutDemo;
			productName = ScrollViewAutolayoutDemo;
			productReference = 5558286E1B4AD83100458E1A /* ScrollViewAutolayoutDemo.app */;
			productType = "com.apple.product-type.application";
		};
		555828861B4AD83100458E1A /* ScrollViewAutolayoutDemoTests */ = {
			isa = PBXNativeTarget;
			buildConfigurationList = 555828941B4AD83100458E1A /* Build configuration list for PBXNativeTarget "ScrollViewAutolayoutDemoTests" */;
			buildPhases = (
				555828831B4AD83100458E1A /* Sources */,
				555828841B4AD83100458E1A /* Frameworks */,
				555828851B4AD83100458E1A /* Resources */,
			);
			buildRules = (
			);
			dependencies = (
				555828891B4AD83100458E1A /* PBXTargetDependency */,
			);
			name = ScrollViewAutolayoutDemoTests;
			productName = ScrollViewAutolayoutDemoTests;
			productReference = 555828871B4AD83100458E1A /* ScrollViewAutolayoutDemoTests.xctest */;
			productType = "com.apple.product-type.bundle.unit-test";
		};
/* End PBXNativeTarget section */

/* Begin PBXProject section */
		555828661B4AD83100458E1A /* Project object */ = {
			isa = PBXProject;
			attributes = {
				LastUpgradeCheck = 0630;
				ORGANIZATIONNAME = AT;
				TargetAttributes = {
					5558286D1B4AD83100458E1A = {
						CreatedOnToolsVersion = 6.3.2;
					};
					555828861B4AD83100458E1A = {
						CreatedOnToolsVersion = 6.3.2;
						TestTargetID = 5558286D1B4AD83100458E1A;
					};
				};
			};
			buildConfigurationList = 555828691B4AD83100458E1A /* Build configuration list for PBXProject "ScrollViewAutolayoutDemo" */;
			compatibilityVersion = "Xcode 3.2";
			developmentRegion = English;
			hasScannedForEncodings = 0;
			knownRegions = (
				en,
				Base,
			);
			mainGroup = 555828651B4AD83100458E1A;
			productRefGroup = 5558286F1B4AD83100458E1A /* Products */;
			projectDirPath = "";
			projectRoot = "";
			targets = (
				5558286D1B4AD83100458E1A /* ScrollViewAutolayoutDemo */,
				555828861B4AD83100458E1A /* ScrollViewAutolayoutDemoTests */,
			);
		};
/* End PBXProject section */

/* Begin PBXResourcesBuildPhase section */
		5558286C1B4AD83100458E1A /* Resources */ = {
			isa = PBXResourcesBuildPhase;
			buildActionMask = 2147483647;
			files = (
				5558287D1B4AD83100458E1A /* Main.storyboard in Resources */,
				555828821B4AD83100458E1A /* LaunchScreen.xib in Resources */,
				5558287F1B4AD83100458E1A /* Images.xcassets in Resources */,
			);
			runOnlyForDeploymentPostprocessing = 0;
		};
		555828851B4AD83100458E1A /* Resources */ = {
			isa = PBXResourcesBuildPhase;
			buildActionMask = 2147483647;
			files = (
			);
			runOnlyForDeploymentPostprocessing = 0;
		};
/* End PBXResourcesBuildPhase section */

/* Begin PBXSourcesBuildPhase section */
		5558286A1B4AD83100458E1A /* Sources */ = {
			isa = PBXSourcesBuildPhase;
			buildActionMask = 2147483647;
			files = (
				5558287A1B4AD83100458E1A /* ViewController.m in Sources */,
				555828771B4AD83100458E1A /* AppDelegate.m in Sources */,
				555828741B4AD83100458E1A /* main.m in Sources */,
			);
			runOnlyForDeploymentPostprocessing = 0;
		};
		555828831B4AD83100458E1A /* Sources */ = {
			isa = PBXSourcesBuildPhase;
			buildActionMask = 2147483647;
			files = (
				5558288E1B4AD83100458E1A /* ScrollViewAutolayoutDemoTests.m in Sources */,
			);
			runOnlyForDeploymentPostprocessing = 0;
		};
/* End PBXSourcesBuildPhase section */

/* Begin PBXTargetDependency section */
		555828891B4AD83100458E1A /* PBXTargetDependency */ = {
			isa = PBXTargetDependency;
			target = 5558286D1B4AD83100458E1A /* ScrollViewAutolayoutDemo */;
			targetProxy = 555828881B4AD83100458E1A /* PBXContainerItemProxy */;
		};
/* End PBXTargetDependency section */

/* Begin PBXVariantGroup section */
		5558287B1B4AD83100458E1A /* Main.storyboard */ = {
			isa = PBXVariantGroup;
			children = (
				5558287C1B4AD83100458E1A /* Base */,
			);
			name = Main.storyboard;
			sourceTree = "<group>";
		};
		555828801B4AD83100458E1A /* LaunchScreen.xib */ = {
			isa = PBXVariantGroup;
			children = (
				555828811B4AD83100458E1A /* Base */,
			);
			name = LaunchScreen.xib;
			sourceTree = "<group>";
		};
/* End PBXVariantGroup section */

/* Begin XCBuildConfiguration section */
		5558288F1B4AD83100458E1A /* Debug */ = {
			isa = XCBuildConfiguration;
			buildSettings = {
				ALWAYS_SEARCH_USER_PATHS = NO;
				CLANG_CXX_LANGUAGE_STANDARD = "gnu++0x";
				CLANG_CXX_LIBRARY = "libc++";
				CLANG_ENABLE_MODULES = YES;
				CLANG_ENABLE_OBJC_ARC = YES;
				CLANG_WARN_BOOL_CONVERSION = YES;
				CLANG_WARN_CONSTANT_CONVERSION = YES;
				CLANG_WARN_DIRECT_OBJC_ISA_USAGE = YES_ERROR;
				CLANG_WARN_EMPTY_BODY = YES;
				CLANG_WARN_ENUM_CONVERSION = YES;
				CLANG_WARN_INT_CONVERSION = YES;
				CLANG_WARN_OBJC_ROOT_CLASS = YES_ERROR;
				CLANG_WARN_UNREACHABLE_CODE = YES;
				CLANG_WARN__DUPLICATE_METHOD_MATCH = YES;
				"CODE_SIGN_IDENTITY[sdk=iphoneos*]" = "iPhone Developer";
				COPY_PHASE_STRIP = NO;
				DEBUG_INFORMATION_FORMAT = "dwarf-with-dsym";
				ENABLE_STRICT_OBJC_MSGSEND = YES;
				GCC_C_LANGUAGE_STANDARD = gnu99;
				GCC_DYNAMIC_NO_PIC = NO;
				GCC_NO_COMMON_BLOCKS = YES;
				GCC_OPTIMIZATION_LEVEL = 0;
				GCC_PREPROCESSOR_DEFINITIONS = (
					"DEBUG=1",
					"$(inherited)",
				);
				GCC_SYMBOLS_PRIVATE_EXTERN = NO;
				GCC_WARN_64_TO_32_BIT_CONVERSION = YES;
				GCC_WARN_ABOUT_RETURN_TYPE = YES_ERROR;
				GCC_WARN_UNDECLARED_SELECTOR = YES;
				GCC_WARN_UNINITIALIZED_AUTOS = YES_AGGRESSIVE;
				GCC_WARN_UNUSED_FUNCTION = YES;
				GCC_WARN_UNUSED_VARIABLE = YES;
				IPHONEOS_DEPLOYMENT_TARGET = 8.3;
				MTL_ENABLE_DEBUG_INFO = YES;
				ONLY_ACTIVE_ARCH = YES;
				SDKROOT = iphoneos;
			};
			name = Debug;
		};
		555828901B4AD83100458E1A /* Release */ = {
			isa = XCBuildConfiguration;
			buildSettings = {
				ALWAYS_SEARCH_USER_PATHS = NO;
				CLANG_CXX_LANGUAGE_STANDARD = "gnu++0x";
				CLANG_CXX_LIBRARY = "libc++";
				CLANG_ENABLE_MODULES = YES;
				CLANG_ENABLE_OBJC_ARC = YES;
				CLANG_WARN_BOOL_CONVERSION = YES;
				CLANG_WARN_CONSTANT_CONVERSION = YES;
				CLANG_WARN_DIRECT_OBJC_ISA_USAGE = YES_ERROR;
				CLANG_WARN_EMPTY_BODY = YES;
				CLANG_WARN_ENUM_CONVERSION = YES;
				CLANG_WARN_INT_CONVERSION = YES;
				CLANG_WARN_OBJC_ROOT_CLASS = YES_ERROR;
				CLANG_WARN_UNREACHABLE_CODE = YES;
				CLANG_WARN__DUPLICATE_METHOD_MATCH = YES;
				"CODE_SIGN_IDENTITY[sdk=iphoneos*]" = "iPhone Developer";
				COPY_PHASE_STRIP = NO;
				DEBUG_INFORMATION_FORMAT = "dwarf-with-dsym";
				ENABLE_NS_ASSERTIONS = NO;
				ENABLE_STRICT_OBJC_MSGSEND = YES;
				GCC_C_LANGUAGE_STANDARD = gnu99;
				GCC_NO_COMMON_BLOCKS = YES;
				GCC_WARN_64_TO_32_BIT_CONVERSION = YES;
				GCC_WARN_ABOUT_RETURN_TYPE = YES_ERROR;
				GCC_WARN_UNDECLARED_SELECTOR = YES;
				GCC_WARN_UNINITIALIZED_AUTOS = YES_AGGRESSIVE;
				GCC_WARN_UNUSED_FUNCTION = YES;
				GCC_WARN_UNUSED_VARIABLE = YES;
				IPHONEOS_DEPLOYMENT_TARGET = 8.3;
				MTL_ENABLE_DEBUG_INFO = NO;
				SDKROOT = iphoneos;
				VALIDATE_PRODUCT = YES;
			};
			name = Release;
		};
		555828921B4AD83100458E1A /* Debug */ = {
			isa = XCBuildConfiguration;
			buildSettings = {
				ASSETCATALOG_COMPILER_APPICON_NAME = AppIcon;
				INFOPLIST_FILE = ScrollViewAutolayoutDemo/Info.plist;
				LD_RUNPATH_SEARCH_PATHS = "$(inherited) @executable_path/Frameworks";
				PRODUCT_NAME = "$(TARGET_NAME)";
			};
			name = Debug;
		};
		555828931B4AD83100458E1A /* Release */ = {
			isa = XCBuildConfiguration;
			buildSettings = {
				ASSETCATALOG_COMPILER_APPICON_NAME = AppIcon;
				INFOPLIST_FILE = ScrollViewAutolayoutDemo/Info.plist;
				LD_RUNPATH_SEARCH_PATHS = "$(inherited) @executable_path/Frameworks";
				PRODUCT_NAME = "$(TARGET_NAME)";
			};
			name = Release;
		};
		555828951B4AD83100458E1A /* Debug */ = {
			isa = XCBuildConfiguration;
			buildSettings = {
				BUNDLE_LOADER = "$(TEST_HOST)";
				FRAMEWORK_SEARCH_PATHS = (
					"$(SDKROOT)/Developer/Library/Frameworks",
					"$(inherited)",
				);
				GCC_PREPROCESSOR_DEFINITIONS = (
					"DEBUG=1",
					"$(inherited)",
				);
				INFOPLIST_FILE = ScrollViewAutolayoutDemoTests/Info.plist;
				LD_RUNPATH_SEARCH_PATHS = "$(inherited) @executable_path/Frameworks @loader_path/Frameworks";
				PRODUCT_NAME = "$(TARGET_NAME)";
				TEST_HOST = "$(BUILT_PRODUCTS_DIR)/ScrollViewAutolayoutDemo.app/ScrollViewAutolayoutDemo";
			};
			name = Debug;
		};
		555828961B4AD83100458E1A /* Release */ = {
			isa = XCBuildConfiguration;
			buildSettings = {
				BUNDLE_LOADER = "$(TEST_HOST)";
				FRAMEWORK_SEARCH_PATHS = (
					"$(SDKROOT)/Developer/Library/Frameworks",
					"$(inherited)",
				);
				INFOPLIST_FILE = ScrollViewAutolayoutDemoTests/Info.plist;
				LD_RUNPATH_SEARCH_PATHS = "$(inherited) @executable_path/Frameworks @loader_path/Frameworks";
				PRODUCT_NAME = "$(TARGET_NAME)";
				TEST_HOST = "$(BUILT_PRODUCTS_DIR)/ScrollViewAutolayoutDemo.app/ScrollViewAutolayoutDemo";
			};
			name = Release;
		};
/* End XCBuildConfiguration section */

/* Begin XCConfigurationList section */
		555828691B4AD83100458E1A /* Build configuration list for PBXProject "ScrollViewAutolayoutDemo" */ = {
			isa = XCConfigurationList;
			buildConfigurations = (
				5558288F1B4AD83100458E1A /* Debug */,
				555828901B4AD83100458E1A /* Release */,
			);
			defaultConfigurationIsVisible = 0;
			defaultConfigurationName = Release;
		};
		555828911B4AD83100458E1A /* Build configuration list for PBXNativeTarget "ScrollViewAutolayoutDemo" */ = {
			isa = XCConfigurationList;
			buildConfigurations = (
				555828921B4AD83100458E1A /* Debug */,
				555828931B4AD83100458E1A /* Release */,
			);
			defaultConfigurationIsVisible = 0;
		};
		555828941B4AD83100458E1A /* Build configuration list for PBXNativeTarget "ScrollViewAutolayoutDemoTests" */ = {
			isa = XCConfigurationList;
			buildConfigurations = (
				555828951B4AD83100458E1A /* Debug */,
				555828961B4AD83100458E1A /* Release */,
			);
			defaultConfigurationIsVisible = 0;
		};
/* End XCConfigurationList section */
	};
	rootObject = 555828661B4AD83100458E1A /* Project object */;
}
